Microsoft Visual Studio Solution File, Format Version 12.00
# Visual Studio Version 17
VisualStudioVersion = 17.5.2.0
MinimumVisualStudioVersion = 10.0.40219.1
Project("{FAE04EC0-301F-11D3-BF4B-00C04F79EFBC}") = "libranet", "libranet.csproj", "{DAFB99BD-0E8A-E178-7533-BBE88390CFA4}"
EndProject
Global
	GlobalSection(SolutionConfigurationPlatforms) = preSolution
		Debug|Any CPU = Debug|Any CPU
		Release|Any CPU = Release|Any CPU
	EndGlobalSection
	GlobalSection(ProjectConfigurationPlatforms) = postSolution
		{DAFB99BD-0E8A-E178-7533-BBE88390CFA4}.Debug|Any CPU.ActiveCfg = Debug|Any CPU
		{DAFB99BD-0E8A-E178-7533-BBE88390CFA4}.Debug|Any CPU.Build.0 = Debug|Any CPU
		{DAFB99BD-0E8A-E178-7533-BBE88390CFA4}.Release|Any CPU.ActiveCfg = Release|Any CPU
		{DAFB99BD-0E8A-E178-7533-BBE88390CFA4}.Release|Any CPU.Build.0 = Release|Any CPU
	EndGlobalSection
	GlobalSection(SolutionProperties) = preSolution
		HideSolutionNode = FALSE
	EndGlobalSection
	GlobalSection(ExtensibilityGlobals) = postSolution
		SolutionGuid = {7E0F073F-9652-4E61-B527-88F39EE78805}
	EndGlobalSection
EndGlobal
